PODS:
  - amazon_s3_cognito (0.2.4):
    - AWSCognitoIdentityProvider
    - AWSCore
    - AWSS3 (~> 2.19.1)
    - Flutter
  - AWSCognitoIdentityProvider (2.19.1):
    - AWSCognitoIdentityProviderASF (= 2.19.1)
    - AWSCore (= 2.19.1)
  - AWSCognitoIdentityProviderASF (2.19.1)
  - AWSCore (2.19.1)
  - AWSS3 (2.19.1):
    - AWSCore (= 2.19.1)
  - Flutter (1.0.0)

DEPENDENCIES:
  - amazon_s3_cognito (from `.symlinks/plugins/amazon_s3_cognito/ios`)
  - Flutter (from `Flutter`)

SPEC REPOS:
  https://cdn.cocoapods.org/:
    - AWSCognitoIdentityProvider
    - AWSCognitoIdentityProviderASF
    - AWSCore
    - AWSS3

EXTERNAL SOURCES:
  amazon_s3_cognito:
    :path: ".symlinks/plugins/amazon_s3_cognito/ios"
  Flutter:
    :path: Flutter

SPEC CHECKSUMS:
  amazon_s3_cognito: cdf226462780131cd6fe82e202477b2625c6ba97
  AWSCognitoIdentityProvider: e6932c709d3e0b234128aeb5f2052c9bf1032d8d
  AWSCognitoIdentityProviderASF: 749f58b75e69f7f0144b9d38539525562b843d34
  AWSCore: 55c154ae27efc5c98bdc30a0eeea5a35d10a2ab5
  AWSS3: 2272253b098d07803af8dd20ce6ce7302bcffb47
  Flutter: 0e3d915762c693b495b44d77113d4970485de6ec

PODFILE CHECKSUM: c34e2287a9ccaa606aeceab922830efb9a6ff69a

COCOAPODS: 1.10.1
