PODS:
  - amazon_s3_cognito (0.2.4):
    - AWSCognitoIdentityProvider (>= 2.22.2)
    - AWSCore (>= 2.22.2)
    - AWSS3 (>= 2.22.2)
    - Flutter
  - AWSCognitoIdentityProvider (2.22.2):
    - AWSCognitoIdentityProviderASF (= 2.22.2)
    - AWSCore (= 2.22.2)
  - AWSCognitoIdentityProviderASF (2.22.2)
  - AWSCore (2.22.2)
  - AWSS3 (2.22.2):
    - AWSCore (= 2.22.2)
  - Flutter (1.0.0)

DEPENDENCIES:
  - amazon_s3_cognito (from `.symlinks/plugins/amazon_s3_cognito/ios`)
  - Flutter (from `Flutter`)

SPEC REPOS:
  https://cdn.cocoapods.org/:
    - AWSCognitoIdentityProvider
    - AWSCognitoIdentityProviderASF
    - AWSCore
    - AWSS3

EXTERNAL SOURCES:
  amazon_s3_cognito:
    :path: ".symlinks/plugins/amazon_s3_cognito/ios"
  Flutter:
    :path: Flutter

SPEC CHECKSUMS:
  amazon_s3_cognito: 23c7e1946953cb8b25dea08f322e3efdbd9a3ed9
  AWSCognitoIdentityProvider: 89fd21fdfc22a33ff86520d2905eac9201a55b69
  AWSCognitoIdentityProviderASF: a5c421ef17e27c226e4d780a24ac3af675cbf57a
  AWSCore: df612cf038f1230dfae4695feb8497c512f1143a
  AWSS3: 0d9d77caca819d7289e05ac5bf161943094ab2fa
  Flutter: 0e3d915762c693b495b44d77113d4970485de6ec

PODFILE CHECKSUM: c34e2287a9ccaa606aeceab922830efb9a6ff69a

COCOAPODS: 1.10.1
